{
  "name": "@ndiinginc/server",
  "version": "1.0.0",
  "lockfileVersion": 2,
  "requires": true,
  "packages": {
    "": {
      "name": "@ndiinginc/server",
      "version": "1.0.0",
      "license": "MIT",
      "dependencies": {
        "@ndiinginc/router": "^1.0.9",
        "@ndiinginc/sidompul": "^1.0.0"
      },
      "devDependencies": {}
    },
    "node_modules/@ndiinginc/crypto": {
      "version": "1.0.2",
      "resolved": "https://registry.npmjs.org/@ndiinginc/crypto/-/crypto-1.0.2.tgz",
      "integrity": "sha512-djaYW6tbRQQ8qFY7TIb6tAePbaVLtFI+9t9pOhr6yUFIrA76E2o/c/r/XFFGa7dUaUrVL6iJZnw0RxrxobYsPQ=="
    },
    "node_modules/@ndiinginc/database": {
      "version": "1.0.6",
      "resolved": "https://registry.npmjs.org/@ndiinginc/database/-/database-1.0.6.tgz",
      "integrity": "sha512-Uy4BdrnTB4c3AvFkov60CpOL+r75qcYDfkCKk9Zn5Hr8iXa7KRqct9rQ7M2QSwZgOedODGajzXembl5yZpQG3w=="
    },
    "node_modules/@ndiinginc/fetch": {
      "version": "1.0.11",
      "resolved": "https://registry.npmjs.org/@ndiinginc/fetch/-/fetch-1.0.11.tgz",
      "integrity": "sha512-eXBo9IBHnpBc0EN8f9UtHgpDvztw7Koj8MXItOxHQWHHS2RTYBzVaddJTvzDDmtWLLhooWQ+Crv4TeKgwMVsVg==",
      "dependencies": {
        "@ndiinginc/database": "^1.0.0"
      }
    },
    "node_modules/@ndiinginc/jwt": {
      "version": "1.0.2",
      "resolved": "https://registry.npmjs.org/@ndiinginc/jwt/-/jwt-1.0.2.tgz",
      "integrity": "sha512-ujQYMo1rekcyI4DPwuz8VY1U3FqVW3gGIkTig/J8HFvUcM+ekrbJbF56mbNlRM+OJ4P2oX9u5yVkC6lq6y2sPQ==",
      "dependencies": {
        "@ndiinginc/crypto": "^1.0.0"
      }
    },
    "node_modules/@ndiinginc/router": {
      "version": "1.0.12",
      "resolved": "https://registry.npmjs.org/@ndiinginc/router/-/router-1.0.12.tgz",
      "integrity": "sha512-vXW+t+F4s1MDmmNijztFGAGorW9vltGPiWPQVoMLy6bu4CD2Q9rUbTl5E7v7oqDtFsxdBdc1VRIMke1vvdOp+w==",
      "dependencies": {
        "@ndiinginc/crypto": "^1.0.0",
        "@ndiinginc/database": "^1.0.2",
        "@ndiinginc/fetch": "^1.0.0",
        "@ndiinginc/util": "^1.0.0"
      }
    },
    "node_modules/@ndiinginc/sidompul": {
      "version": "1.0.26",
      "resolved": "https://registry.npmjs.org/@ndiinginc/sidompul/-/sidompul-1.0.26.tgz",
      "integrity": "sha512-0Xos/4ig3toFwyXkSVuCwO90Z7Hm8k7YPWWXf3Hb0dIGMESWBrSwEszuuifZI6kC3yfFLAdcfOvbKbkMAnQSsA==",
      "dependencies": {
        "@ndiinginc/crypto": "^1.0.0",
        "@ndiinginc/fetch": "^1.0.4",
        "@ndiinginc/jwt": "^1.0.2",
        "@ndiinginc/router": "^1.0.9",
        "@ndiinginc/util": "^1.0.3"
      }
    },
    "node_modules/@ndiinginc/util": {
      "version": "1.0.6",
      "resolved": "https://registry.npmjs.org/@ndiinginc/util/-/util-1.0.6.tgz",
      "integrity": "sha512-2uH0FJLB0eeFjJuj3bRD9yzcR5TVjRWu/o/3AUD2u4zjOUKbNBD0YcHlGxELn8eh8Bcj0YwBXl5bHWXlXF+45w=="
    }
  },
  "dependencies": {
    "@ndiinginc/crypto": {
      "version": "1.0.2",
      "resolved": "https://registry.npmjs.org/@ndiinginc/crypto/-/crypto-1.0.2.tgz",
      "integrity": "sha512-djaYW6tbRQQ8qFY7TIb6tAePbaVLtFI+9t9pOhr6yUFIrA76E2o/c/r/XFFGa7dUaUrVL6iJZnw0RxrxobYsPQ=="
    },
    "@ndiinginc/database": {
      "version": "1.0.6",
      "resolved": "https://registry.npmjs.org/@ndiinginc/database/-/database-1.0.6.tgz",
      "integrity": "sha512-Uy4BdrnTB4c3AvFkov60CpOL+r75qcYDfkCKk9Zn5Hr8iXa7KRqct9rQ7M2QSwZgOedODGajzXembl5yZpQG3w=="
    },
    "@ndiinginc/fetch": {
      "version": "1.0.11",
      "resolved": "https://registry.npmjs.org/@ndiinginc/fetch/-/fetch-1.0.11.tgz",
      "integrity": "sha512-eXBo9IBHnpBc0EN8f9UtHgpDvztw7Koj8MXItOxHQWHHS2RTYBzVaddJTvzDDmtWLLhooWQ+Crv4TeKgwMVsVg==",
      "requires": {
        "@ndiinginc/database": "^1.0.0"
      }
    },
    "@ndiinginc/jwt": {
      "version": "1.0.2",
      "resolved": "https://registry.npmjs.org/@ndiinginc/jwt/-/jwt-1.0.2.tgz",
      "integrity": "sha512-ujQYMo1rekcyI4DPwuz8VY1U3FqVW3gGIkTig/J8HFvUcM+ekrbJbF56mbNlRM+OJ4P2oX9u5yVkC6lq6y2sPQ==",
      "requires": {
        "@ndiinginc/crypto": "^1.0.0"
      }
    },
    "@ndiinginc/router": {
      "version": "1.0.12",
      "resolved": "https://registry.npmjs.org/@ndiinginc/router/-/router-1.0.12.tgz",
      "integrity": "sha512-vXW+t+F4s1MDmmNijztFGAGorW9vltGPiWPQVoMLy6bu4CD2Q9rUbTl5E7v7oqDtFsxdBdc1VRIMke1vvdOp+w==",
      "requires": {
        "@ndiinginc/crypto": "^1.0.0",
        "@ndiinginc/database": "^1.0.2",
        "@ndiinginc/fetch": "^1.0.0",
        "@ndiinginc/util": "^1.0.0"
      }
    },
    "@ndiinginc/sidompul": {
      "version": "1.0.26",
      "resolved": "https://registry.npmjs.org/@ndiinginc/sidompul/-/sidompul-1.0.26.tgz",
      "integrity": "sha512-0Xos/4ig3toFwyXkSVuCwO90Z7Hm8k7YPWWXf3Hb0dIGMESWBrSwEszuuifZI6kC3yfFLAdcfOvbKbkMAnQSsA==",
      "requires": {
        "@ndiinginc/crypto": "^1.0.0",
        "@ndiinginc/fetch": "^1.0.4",
        "@ndiinginc/jwt": "^1.0.2",
        "@ndiinginc/router": "^1.0.9",
        "@ndiinginc/util": "^1.0.3"
      }
    },
    "@ndiinginc/util": {
      "version": "1.0.6",
      "resolved": "https://registry.npmjs.org/@ndiinginc/util/-/util-1.0.6.tgz",
      "integrity": "sha512-2uH0FJLB0eeFjJuj3bRD9yzcR5TVjRWu/o/3AUD2u4zjOUKbNBD0YcHlGxELn8eh8Bcj0YwBXl5bHWXlXF+45w=="
    }
  }
}
