{
  "name": "@ndiinginc/server",
  "version": "1.0.0",
  "lockfileVersion": 2,
  "requires": true,
  "packages": {
    "": {
      "name": "@ndiinginc/server",
      "version": "1.0.0",
      "license": "MIT",
      "dependencies": {
        "@ndiinginc/router": "^1.0.9",
        "@ndiinginc/sidompul": "^1.0.0"
      },
      "devDependencies": {}
    },
    "node_modules/@ndiinginc/crypto": {
      "version": "1.0.0",
      "resolved": "https://registry.npmjs.org/@ndiinginc/crypto/-/crypto-1.0.0.tgz",
      "integrity": "sha512-Dft4qpR5zC/7ZgSgV5i7/ReiPxaQIXUOkk0+ajiz4bJjTGDYnMfJq1VLBpOhMIMCDtOCKUJxnxqYvvfML9rjig=="
    },
    "node_modules/@ndiinginc/database": {
      "version": "1.0.4",
      "resolved": "https://registry.npmjs.org/@ndiinginc/database/-/database-1.0.4.tgz",
      "integrity": "sha512-N8v+AB7CXaI6OvrkiZFGEAZAa3p6uBmHn3vNV200TMeQ9Kn0D7Fz1EhsDJs8QWTuPFdsvYUn9IzO/zi1sG6Ydw=="
    },
    "node_modules/@ndiinginc/fetch": {
      "version": "1.0.8",
      "resolved": "https://registry.npmjs.org/@ndiinginc/fetch/-/fetch-1.0.8.tgz",
      "integrity": "sha512-d5uQcSXF8shAiScxacvYyRaeWS0tTQKIKcFC2IV+wRQjurTptpe5ox0FJw8yp0afbFZS91Jnfa01ot+72Sx+lw==",
      "dependencies": {
        "@ndiinginc/database": "^1.0.0"
      }
    },
    "node_modules/@ndiinginc/router": {
      "version": "1.0.9",
      "resolved": "https://registry.npmjs.org/@ndiinginc/router/-/router-1.0.9.tgz",
      "integrity": "sha512-dvTqNizWWP9/brWkcDhnUsas0x50bACuXT0sPOQN7UEAhEaUBKMQWEo3nj1LWTofC2vccyiMvB4oIY3bPc+q7A==",
      "dependencies": {
        "@ndiinginc/crypto": "^1.0.0",
        "@ndiinginc/database": "^1.0.2",
        "@ndiinginc/fetch": "^1.0.0",
        "@ndiinginc/util": "^1.0.0"
      }
    },
    "node_modules/@ndiinginc/sidompul": {
      "version": "1.0.4",
      "resolved": "https://registry.npmjs.org/@ndiinginc/sidompul/-/sidompul-1.0.4.tgz",
      "integrity": "sha512-ia26GPw934/lIwLlaJK5YVafGiC35mN7EuQwHlM3tEL8W6UUFpIHt5TkS2X08ghWZprxKcKy4O/o6zruwsU+Zw==",
      "dependencies": {
        "@ndiinginc/crypto": "^1.0.0",
        "@ndiinginc/fetch": "^1.0.4",
        "@ndiinginc/router": "^1.0.9",
        "@ndiinginc/util": "^1.0.3",
        "bytenode": "^1.3.6"
      }
    },
    "node_modules/@ndiinginc/util": {
      "version": "1.0.4",
      "resolved": "https://registry.npmjs.org/@ndiinginc/util/-/util-1.0.4.tgz",
      "integrity": "sha512-2nVjH08+4/88LuV8Tx0v5EhhaRWfvqWJixhMpTPr8CsvRcXaZ3t443Jau0XsZPjmugEaLlJSeNz5XdLsdZz5Qg=="
    },
    "node_modules/bytenode": {
      "version": "1.3.6",
      "resolved": "https://registry.npmjs.org/bytenode/-/bytenode-1.3.6.tgz",
      "integrity": "sha512-t/e1psHP/r9ipj136i9FUOznv/9el1DcY7mB8nBM1FPDqYTvQY73J8uVwRPciWdKZzZrS5yxEyzNEEnB835Fyg==",
      "bin": {
        "bytenode": "lib/cli.js"
      }
    }
  },
  "dependencies": {
    "@ndiinginc/crypto": {
      "version": "1.0.0",
      "resolved": "https://registry.npmjs.org/@ndiinginc/crypto/-/crypto-1.0.0.tgz",
      "integrity": "sha512-Dft4qpR5zC/7ZgSgV5i7/ReiPxaQIXUOkk0+ajiz4bJjTGDYnMfJq1VLBpOhMIMCDtOCKUJxnxqYvvfML9rjig=="
    },
    "@ndiinginc/database": {
      "version": "1.0.4",
      "resolved": "https://registry.npmjs.org/@ndiinginc/database/-/database-1.0.4.tgz",
      "integrity": "sha512-N8v+AB7CXaI6OvrkiZFGEAZAa3p6uBmHn3vNV200TMeQ9Kn0D7Fz1EhsDJs8QWTuPFdsvYUn9IzO/zi1sG6Ydw=="
    },
    "@ndiinginc/fetch": {
      "version": "1.0.8",
      "resolved": "https://registry.npmjs.org/@ndiinginc/fetch/-/fetch-1.0.8.tgz",
      "integrity": "sha512-d5uQcSXF8shAiScxacvYyRaeWS0tTQKIKcFC2IV+wRQjurTptpe5ox0FJw8yp0afbFZS91Jnfa01ot+72Sx+lw==",
      "requires": {
        "@ndiinginc/database": "^1.0.0"
      }
    },
    "@ndiinginc/router": {
      "version": "1.0.9",
      "resolved": "https://registry.npmjs.org/@ndiinginc/router/-/router-1.0.9.tgz",
      "integrity": "sha512-dvTqNizWWP9/brWkcDhnUsas0x50bACuXT0sPOQN7UEAhEaUBKMQWEo3nj1LWTofC2vccyiMvB4oIY3bPc+q7A==",
      "requires": {
        "@ndiinginc/crypto": "^1.0.0",
        "@ndiinginc/database": "^1.0.2",
        "@ndiinginc/fetch": "^1.0.0",
        "@ndiinginc/util": "^1.0.0"
      }
    },
    "@ndiinginc/sidompul": {
      "version": "1.0.4",
      "resolved": "https://registry.npmjs.org/@ndiinginc/sidompul/-/sidompul-1.0.4.tgz",
      "integrity": "sha512-ia26GPw934/lIwLlaJK5YVafGiC35mN7EuQwHlM3tEL8W6UUFpIHt5TkS2X08ghWZprxKcKy4O/o6zruwsU+Zw==",
      "requires": {
        "@ndiinginc/crypto": "^1.0.0",
        "@ndiinginc/fetch": "^1.0.4",
        "@ndiinginc/router": "^1.0.9",
        "@ndiinginc/util": "^1.0.3",
        "bytenode": "^1.3.6"
      }
    },
    "@ndiinginc/util": {
      "version": "1.0.4",
      "resolved": "https://registry.npmjs.org/@ndiinginc/util/-/util-1.0.4.tgz",
      "integrity": "sha512-2nVjH08+4/88LuV8Tx0v5EhhaRWfvqWJixhMpTPr8CsvRcXaZ3t443Jau0XsZPjmugEaLlJSeNz5XdLsdZz5Qg=="
    },
    "bytenode": {
      "version": "1.3.6",
      "resolved": "https://registry.npmjs.org/bytenode/-/bytenode-1.3.6.tgz",
      "integrity": "sha512-t/e1psHP/r9ipj136i9FUOznv/9el1DcY7mB8nBM1FPDqYTvQY73J8uVwRPciWdKZzZrS5yxEyzNEEnB835Fyg=="
    }
  }
}
